
Microsoft Visual Studio Solution File, Format Version 12.00
# Visual Studio Version 16
VisualStudioVersion = 16.0.31229.75
MinimumVisualStudioVersion = 10.0.40219.1
Project("{2150E333-8FDC-42A3-9474-1A3956D46DE8}") = "src", "src", "{490C6162-94DA-49A7-8E01-6A930347B99C}"
EndProject
Project("{9A19103F-16F7-4668-BE54-9A1E7A4F7556}") = "RecyclingForRewards.Web.API", "RecyclingForRewards.Web.API\RecyclingForRewards.Web.API.csproj", "{7BB5BEE1-3925-49B5-8404-72169C687B23}"
EndProject
Project("{9A19103F-16F7-4668-BE54-9A1E7A4F7556}") = "RecyclingForRewards.Domain", "RecyclingForRewards.Domain\RecyclingForRewards.Domain.csproj", "{4345E3D7-20CD-44E6-AD12-764433740F05}"
EndProject
Project("{9A19103F-16F7-4668-BE54-9A1E7A4F7556}") = "RecyclingForRewards.BO.API", "RecyclingForRewards.BO.API\RecyclingForRewards.BO.API.csproj", "{67400BE7-C0B4-4ECE-B984-60A99F0DADE3}"
EndProject
Global
	GlobalSection(SolutionConfigurationPlatforms) = preSolution
		Debug|Any CPU = Debug|Any CPU
		Release|Any CPU = Release|Any CPU
	EndGlobalSection
	GlobalSection(ProjectConfigurationPlatforms) = postSolution
		{7BB5BEE1-3925-49B5-8404-72169C687B23}.Debug|Any CPU.ActiveCfg = Debug|Any CPU
		{7BB5BEE1-3925-49B5-8404-72169C687B23}.Debug|Any CPU.Build.0 = Debug|Any CPU
		{7BB5BEE1-3925-49B5-8404-72169C687B23}.Release|Any CPU.ActiveCfg = Release|Any CPU
		{7BB5BEE1-3925-49B5-8404-72169C687B23}.Release|Any CPU.Build.0 = Release|Any CPU
		{4345E3D7-20CD-44E6-AD12-764433740F05}.Debug|Any CPU.ActiveCfg = Debug|Any CPU
		{4345E3D7-20CD-44E6-AD12-764433740F05}.Debug|Any CPU.Build.0 = Debug|Any CPU
		{4345E3D7-20CD-44E6-AD12-764433740F05}.Release|Any CPU.ActiveCfg = Release|Any CPU
		{4345E3D7-20CD-44E6-AD12-764433740F05}.Release|Any CPU.Build.0 = Release|Any CPU
		{67400BE7-C0B4-4ECE-B984-60A99F0DADE3}.Debug|Any CPU.ActiveCfg = Debug|Any CPU
		{67400BE7-C0B4-4ECE-B984-60A99F0DADE3}.Debug|Any CPU.Build.0 = Debug|Any CPU
		{67400BE7-C0B4-4ECE-B984-60A99F0DADE3}.Release|Any CPU.ActiveCfg = Release|Any CPU
		{67400BE7-C0B4-4ECE-B984-60A99F0DADE3}.Release|Any CPU.Build.0 = Release|Any CPU
	EndGlobalSection
	GlobalSection(SolutionProperties) = preSolution
		HideSolutionNode = FALSE
	EndGlobalSection
	GlobalSection(NestedProjects) = preSolution
		{7BB5BEE1-3925-49B5-8404-72169C687B23} = {490C6162-94DA-49A7-8E01-6A930347B99C}
		{4345E3D7-20CD-44E6-AD12-764433740F05} = {490C6162-94DA-49A7-8E01-6A930347B99C}
		{67400BE7-C0B4-4ECE-B984-60A99F0DADE3} = {490C6162-94DA-49A7-8E01-6A930347B99C}
	EndGlobalSection
	GlobalSection(ExtensibilityGlobals) = postSolution
		SolutionGuid = {750C3A98-FF0C-4F93-82D2-BBB65605C348}
	EndGlobalSection
EndGlobal
